
Microsoft Visual Studio Solution File, Format Version 12.00
# Visual Studio Version 16
VisualStudioVersion = 16.0.32002.261
MinimumVisualStudioVersion = 10.0.40219.1
Project("{FAE04EC0-301F-11D3-BF4B-00C04F79EFBC}") = "Xtool", "Xtool\Xtool.csproj", "{C5138073-5015-46F9-883E-8680D862B88D}"
EndProject
Global
	GlobalSection(SolutionConfigurationPlatforms) = preSolution
		Debug|Any CPU = Debug|Any CPU
		Release|Any CPU = Release|Any CPU
	EndGlobalSection
	GlobalSection(ProjectConfigurationPlatforms) = postSolution
		{C5138073-5015-46F9-883E-8680D862B88D}.Debug|Any CPU.ActiveCfg = Debug|Any CPU
		{C5138073-5015-46F9-883E-8680D862B88D}.Debug|Any CPU.Build.0 = Debug|Any CPU
		{C5138073-5015-46F9-883E-8680D862B88D}.Release|Any CPU.ActiveCfg = Release|Any CPU
		{C5138073-5015-46F9-883E-8680D862B88D}.Release|Any CPU.Build.0 = Release|Any CPU
	EndGlobalSection
	GlobalSection(SolutionProperties) = preSolution
		HideSolutionNode = FALSE
	EndGlobalSection
	GlobalSection(ExtensibilityGlobals) = postSolution
		SolutionGuid = {E15F6724-9E7B-4982-8D5E-24CB4AB8E1F3}
	EndGlobalSection
EndGlobal
